
Microsoft Visual Studio Solution File, Format Version 12.00
# Visual Studio Version 17
VisualStudioVersion = 17.10.35027.167
MinimumVisualStudioVersion = 10.0.40219.1
Project("{9A19103F-16F7-4668-BE54-9A1E7A4F7556}") = "TrackMe", "TrackMe.csproj", "{FA871805-0E0C-491D-B4DA-0F7EF0F2BBC0}"
EndProject
Project("{FAE04EC0-301F-11D3-BF4B-00C04F79EFBC}") = "Bulky.DataAccess", "..\Bulky.DataAccess\Bulky.DataAccess.csproj", "{475EE392-7BE4-436A-9903-2631F5BB9E21}"
EndProject
Project("{FAE04EC0-301F-11D3-BF4B-00C04F79EFBC}") = "Bulky.Models", "..\Bulky.Models\Bulky.Models.csproj", "{7A95767C-A0EF-4B9C-9744-89A47C113269}"
EndProject
Project("{FAE04EC0-301F-11D3-BF4B-00C04F79EFBC}") = "Bulky.Utility", "..\Bulky.Utility\Bulky.Utility.csproj", "{33DADFC7-B22A-47A8-8C73-FFC44B8F7123}"
EndProject
Global
	GlobalSection(SolutionConfigurationPlatforms) = preSolution
		Debug|Any CPU = Debug|Any CPU
		Release|Any CPU = Release|Any CPU
	EndGlobalSection
	GlobalSection(ProjectConfigurationPlatforms) = postSolution
		{FA871805-0E0C-491D-B4DA-0F7EF0F2BBC0}.Debug|Any CPU.ActiveCfg = Debug|Any CPU
		{FA871805-0E0C-491D-B4DA-0F7EF0F2BBC0}.Debug|Any CPU.Build.0 = Debug|Any CPU
		{FA871805-0E0C-491D-B4DA-0F7EF0F2BBC0}.Release|Any CPU.ActiveCfg = Release|Any CPU
		{FA871805-0E0C-491D-B4DA-0F7EF0F2BBC0}.Release|Any CPU.Build.0 = Release|Any CPU
		{475EE392-7BE4-436A-9903-2631F5BB9E21}.Debug|Any CPU.ActiveCfg = Debug|Any CPU
		{475EE392-7BE4-436A-9903-2631F5BB9E21}.Debug|Any CPU.Build.0 = Debug|Any CPU
		{475EE392-7BE4-436A-9903-2631F5BB9E21}.Release|Any CPU.ActiveCfg = Release|Any CPU
		{475EE392-7BE4-436A-9903-2631F5BB9E21}.Release|Any CPU.Build.0 = Release|Any CPU
		{7A95767C-A0EF-4B9C-9744-89A47C113269}.Debug|Any CPU.ActiveCfg = Debug|Any CPU
		{7A95767C-A0EF-4B9C-9744-89A47C113269}.Debug|Any CPU.Build.0 = Debug|Any CPU
		{7A95767C-A0EF-4B9C-9744-89A47C113269}.Release|Any CPU.ActiveCfg = Release|Any CPU
		{7A95767C-A0EF-4B9C-9744-89A47C113269}.Release|Any CPU.Build.0 = Release|Any CPU
		{33DADFC7-B22A-47A8-8C73-FFC44B8F7123}.Debug|Any CPU.ActiveCfg = Debug|Any CPU
		{33DADFC7-B22A-47A8-8C73-FFC44B8F7123}.Debug|Any CPU.Build.0 = Debug|Any CPU
		{33DADFC7-B22A-47A8-8C73-FFC44B8F7123}.Release|Any CPU.ActiveCfg = Release|Any CPU
		{33DADFC7-B22A-47A8-8C73-FFC44B8F7123}.Release|Any CPU.Build.0 = Release|Any CPU
	EndGlobalSection
	GlobalSection(SolutionProperties) = preSolution
		HideSolutionNode = FALSE
	EndGlobalSection
	GlobalSection(ExtensibilityGlobals) = postSolution
		SolutionGuid = {B0C3CDFD-4A64-4ED2-97B1-E7B4675DB987}
	EndGlobalSection
EndGlobal
